// !$*UTF8*$!
{
	archiveVersion = 1;
	classes = {
	};
	objectVersion = 77;
	objects = {

/* Begin PBXBuildFile section */
		D29221CA2E9555EA00C2DC52 /* ComposableArchitecture in Frameworks */ = {isa = PBXBuildFile; productRef = D29221C92E9555EA00C2DC52 /* ComposableArchitecture */; };
/* End PBXBuildFile section */

/* Begin PBXContainerItemProxy section */
		05E6E6162E954FEC00D5B193 /* PBXContainerItemProxy */ = {
			isa = PBXContainerItemProxy;
			containerPortal = 05E6E5FD2E954FEA00D5B193 /* Project object */;
			proxyType = 1;
			remoteGlobalIDString = 05E6E6042E954FEA00D5B193;
			remoteInfo = AudioTrimmer;
		};
		05E6E6202E954FEC00D5B193 /* PBXContainerItemProxy */ = {
			isa = PBXContainerItemProxy;
			containerPortal = 05E6E5FD2E954FEA00D5B193 /* Project object */;
			proxyType = 1;
			remoteGlobalIDString = 05E6E6042E954FEA00D5B193;
			remoteInfo = AudioTrimmer;
		};
/* End PBXContainerItemProxy section */

/* Begin PBXFileReference section */
		05E6E6052E954FEA00D5B193 /* AudioTrimmer.app */ = {isa = PBXFileReference; explicitFileType = wrapper.application; includeInIndex = 0; path = AudioTrimmer.app; sourceTree = BUILT_PRODUCTS_DIR; };
		05E6E6152E954FEC00D5B193 /* AudioTrimmerTests.xctest */ = {isa = PBXFileReference; explicitFileType = wrapper.cfbundle; includeInIndex = 0; path = AudioTrimmerTests.xctest; sourceTree = BUILT_PRODUCTS_DIR; };
		05E6E61F2E954FEC00D5B193 /* AudioTrimmerUITests.xctest */ = {isa = PBXFileReference; explicitFileType = wrapper.cfbundle; includeInIndex = 0; path = AudioTrimmerUITests.xctest; sourceTree = BUILT_PRODUCTS_DIR; };
/* End PBXFileReference section */

/* Begin PBXFileSystemSynchronizedRootGroup section */
		05E6E6072E954FEA00D5B193 /* AudioTrimmer */ = {
			isa = PBXFileSystemSynchronizedRootGroup;
			path = AudioTrimmer;
			sourceTree = "<group>";
		};
		05E6E6182E954FEC00D5B193 /* AudioTrimmerTests */ = {
			isa = PBXFileSystemSynchronizedRootGroup;
			path = AudioTrimmerTests;
			sourceTree = "<group>";
		};
		05E6E6222E954FEC00D5B193 /* AudioTrimmerUITests */ = {
			isa = PBXFileSystemSynchronizedRootGroup;
			path = AudioTrimmerUITests;
			sourceTree = "<group>";
		};
/* End PBXFileSystemSynchronizedRootGroup section */

/* Begin PBXFrameworksBuildPhase section */
		05E6E6022E954FEA00D5B193 /* Frameworks */ = {
			isa = PBXFrameworksBuildPhase;
			buildActionMask = 2147483647;
			files = (
				D29221CA2E9555EA00C2DC52 /* ComposableArchitecture in Frameworks */,
			);
			runOnlyForDeploymentPostprocessing = 0;
		};
		05E6E6122E954FEC00D5B193 /* Frameworks */ = {
			isa = PBXFrameworksBuildPhase;
			buildActionMask = 2147483647;
			files = (
			);
			runOnlyForDeploymentPostprocessing = 0;
		};
		05E6E61C2E954FEC00D5B193 /* Frameworks */ = {
			isa = PBXFrameworksBuildPhase;
			buildActionMask = 2147483647;
			files = (
			);
			runOnlyForDeploymentPostprocessing = 0;
		};
/* End PBXFrameworksBuildPhase section */

/* Begin PBXGroup section */
		05E6E5FC2E954FEA00D5B193 = {
			isa = PBXGroup;
			children = (
				05E6E6072E954FEA00D5B193 /* AudioTrimmer */,
				05E6E6182E954FEC00D5B193 /* AudioTrimmerTests */,
				05E6E6222E954FEC00D5B193 /* AudioTrimmerUITests */,
				D29221C82E9555EA00C2DC52 /* Frameworks */,
				05E6E6062E954FEA00D5B193 /* Products */,
			);
			sourceTree = "<group>";
		};
		05E6E6062E954FEA00D5B193 /* Products */ = {
			isa = PBXGroup;
			children = (
				05E6E6052E954FEA00D5B193 /* AudioTrimmer.app */,
				05E6E6152E954FEC00D5B193 /* AudioTrimmerTests.xctest */,
				05E6E61F2E954FEC00D5B193 /* AudioTrimmerUITests.xctest */,
			);
			name = Products;
			sourceTree = "<group>";
		};
		D29221C82E9555EA00C2DC52 /* Frameworks */ = {
			isa = PBXGroup;
			children = (
			);
			name = Frameworks;
			sourceTree = "<group>";
		};
/* End PBXGroup section */

/* Begin PBXNativeTarget section */
		05E6E6042E954FEA00D5B193 /* AudioTrimmer */ = {
			isa = PBXNativeTarget;
			buildConfigurationList = 05E6E6292E954FEC00D5B193 /* Build configuration list for PBXNativeTarget "AudioTrimmer" */;
			buildPhases = (
				05E6E6012E954FEA00D5B193 /* Sources */,
				05E6E6022E954FEA00D5B193 /* Frameworks */,
				05E6E6032E954FEA00D5B193 /* Resources */,
			);
			buildRules = (
			);
			dependencies = (
			);
			fileSystemSynchronizedGroups = (
				05E6E6072E954FEA00D5B193 /* AudioTrimmer */,
			);
			name = AudioTrimmer;
			packageProductDependencies = (
				D29221C92E9555EA00C2DC52 /* ComposableArchitecture */,
			);
			productName = AudioTrimmer;
			productReference = 05E6E6052E954FEA00D5B193 /* AudioTrimmer.app */;
			productType = "com.apple.product-type.application";
		};
		05E6E6142E954FEC00D5B193 /* AudioTrimmerTests */ = {
			isa = PBXNativeTarget;
			buildConfigurationList = 05E6E62C2E954FEC00D5B193 /* Build configuration list for PBXNativeTarget "AudioTrimmerTests" */;
			buildPhases = (
				05E6E6112E954FEC00D5B193 /* Sources */,
				05E6E6122E954FEC00D5B193 /* Frameworks */,
				05E6E6132E954FEC00D5B193 /* Resources */,
			);
			buildRules = (
			);
			dependencies = (
				05E6E6172E954FEC00D5B193 /* PBXTargetDependency */,
			);
			fileSystemSynchronizedGroups = (
				05E6E6182E954FEC00D5B193 /* AudioTrimmerTests */,
			);
			name = AudioTrimmerTests;
			packageProductDependencies = (
			);
			productName = AudioTrimmerTests;
			productReference = 05E6E6152E954FEC00D5B193 /* AudioTrimmerTests.xctest */;
			productType = "com.apple.product-type.bundle.unit-test";
		};
		05E6E61E2E954FEC00D5B193 /* AudioTrimmerUITests */ = {
			isa = PBXNativeTarget;
			buildConfigurationList = 05E6E62F2E954FEC00D5B193 /* Build configuration list for PBXNativeTarget "AudioTrimmerUITests" */;
			buildPhases = (
				05E6E61B2E954FEC00D5B193 /* Sources */,
				05E6E61C2E954FEC00D5B193 /* Frameworks */,
				05E6E61D2E954FEC00D5B193 /* Resources */,
			);
			buildRules = (
			);
			dependencies = (
				05E6E6212E954FEC00D5B193 /* PBXTargetDependency */,
			);
			fileSystemSynchronizedGroups = (
				05E6E6222E954FEC00D5B193 /* AudioTrimmerUITests */,
			);
			name = AudioTrimmerUITests;
			packageProductDependencies = (
			);
			productName = AudioTrimmerUITests;
			productReference = 05E6E61F2E954FEC00D5B193 /* AudioTrimmerUITests.xctest */;
			productType = "com.apple.product-type.bundle.ui-testing";
		};
/* End PBXNativeTarget section */

/* Begin PBXProject section */
		05E6E5FD2E954FEA00D5B193 /* Project object */ = {
			isa = PBXProject;
			attributes = {
				BuildIndependentTargetsInParallel = 1;
				LastSwiftUpdateCheck = 1620;
				LastUpgradeCheck = 1620;
				TargetAttributes = {
					05E6E6042E954FEA00D5B193 = {
						CreatedOnToolsVersion = 16.2;
					};
					05E6E6142E954FEC00D5B193 = {
						CreatedOnToolsVersion = 16.2;
						TestTargetID = 05E6E6042E954FEA00D5B193;
					};
					05E6E61E2E954FEC00D5B193 = {
						CreatedOnToolsVersion = 16.2;
						TestTargetID = 05E6E6042E954FEA00D5B193;
					};
				};
			};
			buildConfigurationList = 05E6E6002E954FEA00D5B193 /* Build configuration list for PBXProject "AudioTrimmer" */;
			developmentRegion = en;
			hasScannedForEncodings = 0;
			knownRegions = (
				en,
				Base,
			);
			mainGroup = 05E6E5FC2E954FEA00D5B193;
			minimizedProjectReferenceProxies = 1;
			packageReferences = (
				05E6E6322E95508300D5B193 /* XCRemoteSwiftPackageReference "swift-composable-architecture" */,
			);
			preferredProjectObjectVersion = 77;
			productRefGroup = 05E6E6062E954FEA00D5B193 /* Products */;
			projectDirPath = "";
			projectRoot = "";
			targets = (
				05E6E6042E954FEA00D5B193 /* AudioTrimmer */,
				05E6E6142E954FEC00D5B193 /* AudioTrimmerTests */,
				05E6E61E2E954FEC00D5B193 /* AudioTrimmerUITests */,
			);
		};
/* End PBXProject section */

/* Begin PBXResourcesBuildPhase section */
		05E6E6032E954FEA00D5B193 /* Resources */ = {
			isa = PBXResourcesBuildPhase;
			buildActionMask = 2147483647;
			files = (
			);
			runOnlyForDeploymentPostprocessing = 0;
		};
		05E6E6132E954FEC00D5B193 /* Resources */ = {
			isa = PBXResourcesBuildPhase;
			buildActionMask = 2147483647;
			files = (
			);
			runOnlyForDeploymentPostprocessing = 0;
		};
		05E6E61D2E954FEC00D5B193 /* Resources */ = {
			isa = PBXResourcesBuildPhase;
			buildActionMask = 2147483647;
			files = (
			);
			runOnlyForDeploymentPostprocessing = 0;
		};
/* End PBXResourcesBuildPhase section */

/* Begin PBXSourcesBuildPhase section */
		05E6E6012E954FEA00D5B193 /* Sources */ = {
			isa = PBXSourcesBuildPhase;
			buildActionMask = 2147483647;
			files = (
			);
			runOnlyForDeploymentPostprocessing = 0;
		};
		05E6E6112E954FEC00D5B193 /* Sources */ = {
			isa = PBXSourcesBuildPhase;
			buildActionMask = 2147483647;
			files = (
			);
			runOnlyForDeploymentPostprocessing = 0;
		};
		05E6E61B2E954FEC00D5B193 /* Sources */ = {
			isa = PBXSourcesBuildPhase;
			buildActionMask = 2147483647;
			files = (
			);
			runOnlyForDeploymentPostprocessing = 0;
		};
/* End PBXSourcesBuildPhase section */

/* Begin PBXTargetDependency section */
		05E6E6172E954FEC00D5B193 /* PBXTargetDependency */ = {
			isa = PBXTargetDependency;
			target = 05E6E6042E954FEA00D5B193 /* AudioTrimmer */;
			targetProxy = 05E6E6162E954FEC00D5B193 /* PBXContainerItemProxy */;
		};
		05E6E6212E954FEC00D5B193 /* PBXTargetDependency */ = {
			isa = PBXTargetDependency;
			target = 05E6E6042E954FEA00D5B193 /* AudioTrimmer */;
			targetProxy = 05E6E6202E954FEC00D5B193 /* PBXContainerItemProxy */;
		};
/* End PBXTargetDependency section */

/* Begin XCBuildConfiguration section */
		05E6E6272E954FEC00D5B193 /* Debug */ = {
			isa = XCBuildConfiguration;
			buildSettings = {
				ALWAYS_SEARCH_USER_PATHS = NO;
				ASSETCATALOG_COMPILER_GENERATE_SWIFT_ASSET_SYMBOL_EXTENSIONS = YES;
				CLANG_ANALYZER_NONNULL = YES;
				CLANG_ANALYZER_NUMBER_OBJECT_CONVERSION = YES_AGGRESSIVE;
				CLANG_CXX_LANGUAGE_STANDARD = "gnu++20";
				CLANG_ENABLE_MODULES = YES;
				CLANG_ENABLE_OBJC_ARC = YES;
				CLANG_ENABLE_OBJC_WEAK = YES;
				CLANG_WARN_BLOCK_CAPTURE_AUTORELEASING = YES;
				CLANG_WARN_BOOL_CONVERSION = YES;
				CLANG_WARN_COMMA = YES;
				CLANG_WARN_CONSTANT_CONVERSION = YES;
				CLANG_WARN_DEPRECATED_OBJC_IMPLEMENTATIONS = YES;
				CLANG_WARN_DIRECT_OBJC_ISA_USAGE = YES_ERROR;
				CLANG_WARN_DOCUMENTATION_COMMENTS = YES;
				CLANG_WARN_EMPTY_BODY = YES;
				CLANG_WARN_ENUM_CONVERSION = YES;
				CLANG_WARN_INFINITE_RECURSION = YES;
				CLANG_WARN_INT_CONVERSION = YES;
				CLANG_WARN_NON_LITERAL_NULL_CONVERSION = YES;
				CLANG_WARN_OBJC_IMPLICIT_RETAIN_SELF = YES;
				CLANG_WARN_OBJC_LITERAL_CONVERSION = YES;
				CLANG_WARN_OBJC_ROOT_CLASS = YES_ERROR;
				CLANG_WARN_QUOTED_INCLUDE_IN_FRAMEWORK_HEADER = YES;
				CLANG_WARN_RANGE_LOOP_ANALYSIS = YES;
				CLANG_WARN_STRICT_PROTOTYPES = YES;
				CLANG_WARN_SUSPICIOUS_MOVE = YES;
				CLANG_WARN_UNGUARDED_AVAILABILITY = YES_AGGRESSIVE;
				CLANG_WARN_UNREACHABLE_CODE = YES;
				CLANG_WARN__DUPLICATE_METHOD_MATCH = YES;
				COPY_PHASE_STRIP = NO;
				DEBUG_INFORMATION_FORMAT = dwarf;
				ENABLE_STRICT_OBJC_MSGSEND = YES;
				ENABLE_TESTABILITY = YES;
				ENABLE_USER_SCRIPT_SANDBOXING = YES;
				GCC_C_LANGUAGE_STANDARD = gnu17;
				GCC_DYNAMIC_NO_PIC = NO;
				GCC_NO_COMMON_BLOCKS = YES;
				GCC_OPTIMIZATION_LEVEL = 0;
				GCC_PREPROCESSOR_DEFINITIONS = (
					"DEBUG=1",
					"$(inherited)",
				);
				GCC_WARN_64_TO_32_BIT_CONVERSION = YES;
				GCC_WARN_ABOUT_RETURN_TYPE = YES_ERROR;
				GCC_WARN_UNDECLARED_SELECTOR = YES;
				GCC_WARN_UNINITIALIZED_AUTOS = YES_AGGRESSIVE;
				GCC_WARN_UNUSED_FUNCTION = YES;
				GCC_WARN_UNUSED_VARIABLE = YES;
				IPHONEOS_DEPLOYMENT_TARGET = 18.2;
				LOCALIZATION_PREFERS_STRING_CATALOGS = YES;
				MTL_ENABLE_DEBUG_INFO = INCLUDE_SOURCE;
				MTL_FAST_MATH = YES;
				ONLY_ACTIVE_ARCH = YES;
				SDKROOT = iphoneos;
				SWIFT_ACTIVE_COMPILATION_CONDITIONS = "DEBUG $(inherited)";
				SWIFT_OPTIMIZATION_LEVEL = "-Onone";
			};
			name = Debug;
		};
		05E6E6282E954FEC00D5B193 /* Release */ = {
			isa = XCBuildConfiguration;
			buildSettings = {
				ALWAYS_SEARCH_USER_PATHS = NO;
				ASSETCATALOG_COMPILER_GENERATE_SWIFT_ASSET_SYMBOL_EXTENSIONS = YES;
				CLANG_ANALYZER_NONNULL = YES;
				CLANG_ANALYZER_NUMBER_OBJECT_CONVERSION = YES_AGGRESSIVE;
				CLANG_CXX_LANGUAGE_STANDARD = "gnu++20";
				CLANG_ENABLE_MODULES = YES;
				CLANG_ENABLE_OBJC_ARC = YES;
				CLANG_ENABLE_OBJC_WEAK = YES;
				CLANG_WARN_BLOCK_CAPTURE_AUTORELEASING = YES;
				CLANG_WARN_BOOL_CONVERSION = YES;
				CLANG_WARN_COMMA = YES;
				CLANG_WARN_CONSTANT_CONVERSION = YES;
				CLANG_WARN_DEPRECATED_OBJC_IMPLEMENTATIONS = YES;
				CLANG_WARN_DIRECT_OBJC_ISA_USAGE = YES_ERROR;
				CLANG_WARN_DOCUMENTATION_COMMENTS = YES;
				CLANG_WARN_EMPTY_BODY = YES;
				CLANG_WARN_ENUM_CONVERSION = YES;
				CLANG_WARN_INFINITE_RECURSION = YES;
				CLANG_WARN_INT_CONVERSION = YES;
				CLANG_WARN_NON_LITERAL_NULL_CONVERSION = YES;
				CLANG_WARN_OBJC_IMPLICIT_RETAIN_SELF = YES;
				CLANG_WARN_OBJC_LITERAL_CONVERSION = YES;
				CLANG_WARN_OBJC_ROOT_CLASS = YES_ERROR;
				CLANG_WARN_QUOTED_INCLUDE_IN_FRAMEWORK_HEADER = YES;
				CLANG_WARN_RANGE_LOOP_ANALYSIS = YES;
				CLANG_WARN_STRICT_PROTOTYPES = YES;
				CLANG_WARN_SUSPICIOUS_MOVE = YES;
				CLANG_WARN_UNGUARDED_AVAILABILITY = YES_AGGRESSIVE;
				CLANG_WARN_UNREACHABLE_CODE = YES;
				CLANG_WARN__DUPLICATE_METHOD_MATCH = YES;
				COPY_PHASE_STRIP = NO;
				DEBUG_INFORMATION_FORMAT = "dwarf-with-dsym";
				ENABLE_NS_ASSERTIONS = NO;
				ENABLE_STRICT_OBJC_MSGSEND = YES;
				ENABLE_USER_SCRIPT_SANDBOXING = YES;
				GCC_C_LANGUAGE_STANDARD = gnu17;
				GCC_NO_COMMON_BLOCKS = YES;
				GCC_WARN_64_TO_32_BIT_CONVERSION = YES;
				GCC_WARN_ABOUT_RETURN_TYPE = YES_ERROR;
				GCC_WARN_UNDECLARED_SELECTOR = YES;
				GCC_WARN_UNINITIALIZED_AUTOS = YES_AGGRESSIVE;
				GCC_WARN_UNUSED_FUNCTION = YES;
				GCC_WARN_UNUSED_VARIABLE = YES;
				IPHONEOS_DEPLOYMENT_TARGET = 18.2;
				LOCALIZATION_PREFERS_STRING_CATALOGS = YES;
				MTL_ENABLE_DEBUG_INFO = NO;
				MTL_FAST_MATH = YES;
				SDKROOT = iphoneos;
				SWIFT_COMPILATION_MODE = wholemodule;
				VALIDATE_PRODUCT = YES;
			};
			name = Release;
		};
		05E6E62A2E954FEC00D5B193 /* Debug */ = {
			isa = XCBuildConfiguration;
			buildSettings = {
				ASSETCATALOG_COMPILER_APPICON_NAME = AppIcon;
				ASSETCATALOG_COMPILER_GLOBAL_ACCENT_COLOR_NAME = AccentColor;
				CODE_SIGN_STYLE = Automatic;
				CURRENT_PROJECT_VERSION = 1;
				DEVELOPMENT_ASSET_PATHS = "\"AudioTrimmer/Preview Content\"";
				ENABLE_PREVIEWS = YES;
				GENERATE_INFOPLIST_FILE = YES;
				INFOPLIST_KEY_UIApplicationSceneManifest_Generation = YES;
				INFOPLIST_KEY_UIApplicationSupportsIndirectInputEvents = YES;
				INFOPLIST_KEY_UILaunchScreen_Generation = YES;
				INFOPLIST_KEY_UISupportedInterfaceOrientations_iPad = "UIInterfaceOrientationPortrait UIInterfaceOrientationPortraitUpsideDown UIInterfaceOrientationLandscapeLeft UIInterfaceOrientationLandscapeRight";
				INFOPLIST_KEY_UISupportedInterfaceOrientations_iPhone = "UIInterfaceOrientationPortrait UIInterfaceOrientationLandscapeLeft UIInterfaceOrientationLandscapeRight";
				LD_RUNPATH_SEARCH_PATHS = (
					"$(inherited)",
					"@executable_path/Frameworks",
				);
				MARKETING_VERSION = 1.0;
				PRODUCT_BUNDLE_IDENTIFIER = com.tk.AudioTrimmer;
				PRODUCT_NAME = "$(TARGET_NAME)";
				SWIFT_EMIT_LOC_STRINGS = YES;
				SWIFT_VERSION = 5.0;
				TARGETED_DEVICE_FAMILY = "1,2";
			};
			name = Debug;
		};
		05E6E62B2E954FEC00D5B193 /* Release */ = {
			isa = XCBuildConfiguration;
			buildSettings = {
				ASSETCATALOG_COMPILER_APPICON_NAME = AppIcon;
				ASSETCATALOG_COMPILER_GLOBAL_ACCENT_COLOR_NAME = AccentColor;
				CODE_SIGN_STYLE = Automatic;
				CURRENT_PROJECT_VERSION = 1;
				DEVELOPMENT_ASSET_PATHS = "\"AudioTrimmer/Preview Content\"";
				ENABLE_PREVIEWS = YES;
				GENERATE_INFOPLIST_FILE = YES;
				INFOPLIST_KEY_UIApplicationSceneManifest_Generation = YES;
				INFOPLIST_KEY_UIApplicationSupportsIndirectInputEvents = YES;
				INFOPLIST_KEY_UILaunchScreen_Generation = YES;
				INFOPLIST_KEY_UISupportedInterfaceOrientations_iPad = "UIInterfaceOrientationPortrait UIInterfaceOrientationPortraitUpsideDown UIInterfaceOrientationLandscapeLeft UIInterfaceOrientationLandscapeRight";
				INFOPLIST_KEY_UISupportedInterfaceOrientations_iPhone = "UIInterfaceOrientationPortrait UIInterfaceOrientationLandscapeLeft UIInterfaceOrientationLandscapeRight";
				LD_RUNPATH_SEARCH_PATHS = (
					"$(inherited)",
					"@executable_path/Frameworks",
				);
				MARKETING_VERSION = 1.0;
				PRODUCT_BUNDLE_IDENTIFIER = com.tk.AudioTrimmer;
				PRODUCT_NAME = "$(TARGET_NAME)";
				SWIFT_EMIT_LOC_STRINGS = YES;
				SWIFT_VERSION = 5.0;
				TARGETED_DEVICE_FAMILY = "1,2";
			};
			name = Release;
		};
		05E6E62D2E954FEC00D5B193 /* Debug */ = {
			isa = XCBuildConfiguration;
			buildSettings = {
				BUNDLE_LOADER = "$(TEST_HOST)";
				CODE_SIGN_STYLE = Automatic;
				CURRENT_PROJECT_VERSION = 1;
				GENERATE_INFOPLIST_FILE = YES;
				IPHONEOS_DEPLOYMENT_TARGET = 18.2;
				MARKETING_VERSION = 1.0;
				PRODUCT_BUNDLE_IDENTIFIER = com.tk.AudioTrimmerTests;
				PRODUCT_NAME = "$(TARGET_NAME)";
				SWIFT_EMIT_LOC_STRINGS = NO;
				SWIFT_VERSION = 5.0;
				TARGETED_DEVICE_FAMILY = "1,2";
				TEST_HOST = "$(BUILT_PRODUCTS_DIR)/AudioTrimmer.app/$(BUNDLE_EXECUTABLE_FOLDER_PATH)/AudioTrimmer";
			};
			name = Debug;
		};
		05E6E62E2E954FEC00D5B193 /* Release */ = {
			isa = XCBuildConfiguration;
			buildSettings = {
				BUNDLE_LOADER = "$(TEST_HOST)";
				CODE_SIGN_STYLE = Automatic;
				CURRENT_PROJECT_VERSION = 1;
				GENERATE_INFOPLIST_FILE = YES;
				IPHONEOS_DEPLOYMENT_TARGET = 18.2;
				MARKETING_VERSION = 1.0;
				PRODUCT_BUNDLE_IDENTIFIER = com.tk.AudioTrimmerTests;
				PRODUCT_NAME = "$(TARGET_NAME)";
				SWIFT_EMIT_LOC_STRINGS = NO;
				SWIFT_VERSION = 5.0;
				TARGETED_DEVICE_FAMILY = "1,2";
				TEST_HOST = "$(BUILT_PRODUCTS_DIR)/AudioTrimmer.app/$(BUNDLE_EXECUTABLE_FOLDER_PATH)/AudioTrimmer";
			};
			name = Release;
		};
		05E6E6302E954FEC00D5B193 /* Debug */ = {
			isa = XCBuildConfiguration;
			buildSettings = {
				CODE_SIGN_STYLE = Automatic;
				CURRENT_PROJECT_VERSION = 1;
				GENERATE_INFOPLIST_FILE = YES;
				MARKETING_VERSION = 1.0;
				PRODUCT_BUNDLE_IDENTIFIER = com.tk.AudioTrimmerUITests;
				PRODUCT_NAME = "$(TARGET_NAME)";
				SWIFT_EMIT_LOC_STRINGS = NO;
				SWIFT_VERSION = 5.0;
				TARGETED_DEVICE_FAMILY = "1,2";
				TEST_TARGET_NAME = AudioTrimmer;
			};
			name = Debug;
		};
		05E6E6312E954FEC00D5B193 /* Release */ = {
			isa = XCBuildConfiguration;
			buildSettings = {
				CODE_SIGN_STYLE = Automatic;
				CURRENT_PROJECT_VERSION = 1;
				GENERATE_INFOPLIST_FILE = YES;
				MARKETING_VERSION = 1.0;
				PRODUCT_BUNDLE_IDENTIFIER = com.tk.AudioTrimmerUITests;
				PRODUCT_NAME = "$(TARGET_NAME)";
				SWIFT_EMIT_LOC_STRINGS = NO;
				SWIFT_VERSION = 5.0;
				TARGETED_DEVICE_FAMILY = "1,2";
				TEST_TARGET_NAME = AudioTrimmer;
			};
			name = Release;
		};
/* End XCBuildConfiguration section */

/* Begin XCConfigurationList section */
		05E6E6002E954FEA00D5B193 /* Build configuration list for PBXProject "AudioTrimmer" */ = {
			isa = XCConfigurationList;
			buildConfigurations = (
				05E6E6272E954FEC00D5B193 /* Debug */,
				05E6E6282E954FEC00D5B193 /* Release */,
			);
			defaultConfigurationIsVisible = 0;
			defaultConfigurationName = Release;
		};
		05E6E6292E954FEC00D5B193 /* Build configuration list for PBXNativeTarget "AudioTrimmer" */ = {
			isa = XCConfigurationList;
			buildConfigurations = (
				05E6E62A2E954FEC00D5B193 /* Debug */,
				05E6E62B2E954FEC00D5B193 /* Release */,
			);
			defaultConfigurationIsVisible = 0;
			defaultConfigurationName = Release;
		};
		05E6E62C2E954FEC00D5B193 /* Build configuration list for PBXNativeTarget "AudioTrimmerTests" */ = {
			isa = XCConfigurationList;
			buildConfigurations = (
				05E6E62D2E954FEC00D5B193 /* Debug */,
				05E6E62E2E954FEC00D5B193 /* Release */,
			);
			defaultConfigurationIsVisible = 0;
			defaultConfigurationName = Release;
		};
		05E6E62F2E954FEC00D5B193 /* Build configuration list for PBXNativeTarget "AudioTrimmerUITests" */ = {
			isa = XCConfigurationList;
			buildConfigurations = (
				05E6E6302E954FEC00D5B193 /* Debug */,
				05E6E6312E954FEC00D5B193 /* Release */,
			);
			defaultConfigurationIsVisible = 0;
			defaultConfigurationName = Release;
		};
/* End XCConfigurationList section */

/* Begin XCRemoteSwiftPackageReference section */
		05E6E6322E95508300D5B193 /* XCRemoteSwiftPackageReference "swift-composable-architecture" */ = {
			isa = XCRemoteSwiftPackageReference;
			repositoryURL = "https://github.com/pointfreeco/swift-composable-architecture";
			requirement = {
				kind = upToNextMajorVersion;
				minimumVersion = 1.22.3;
			};
		};
/* End XCRemoteSwiftPackageReference section */

/* Begin XCSwiftPackageProductDependency section */
		D29221C92E9555EA00C2DC52 /* ComposableArchitecture */ = {
			isa = XCSwiftPackageProductDependency;
			package = 05E6E6322E95508300D5B193 /* XCRemoteSwiftPackageReference "swift-composable-architecture" */;
			productName = ComposableArchitecture;
		};
/* End XCSwiftPackageProductDependency section */
	};
	rootObject = 05E6E5FD2E954FEA00D5B193 /* Project object */;
}
